// !$*UTF8*$!
{
	archiveVersion = 1;
	classes = {
	};
	objectVersion = 56;
	objects = {

/* Begin PBXBuildFile section */
		479D5AC42B3BC1B0006D82EC /* HelloSwiftUIApp.swift in Sources */ = {isa = PBXBuildFile; fileRef = 479D5AC32B3BC1B0006D82EC /* HelloSwiftUIApp.swift */; };
		479D5AC62B3BC1B0006D82EC /* ContentView.swift in Sources */ = {isa = PBXBuildFile; fileRef = 479D5AC52B3BC1B0006D82EC /* ContentView.swift */; };
		479D5AC82B3BC1B1006D82EC /* Assets.xcassets in Resources */ = {isa = PBXBuildFile; fileRef = 479D5AC72B3BC1B1006D82EC /* Assets.xcassets */; };
		479D5ACB2B3BC1B1006D82EC /* Preview Assets.xcassets in Resources */ = {isa = PBXBuildFile; fileRef = 479D5ACA2B3BC1B1006D82EC /* Preview Assets.xcassets */; };
		479D5AD22B3BCA3B006D82EC /* Part4.swift in Sources */ = {isa = PBXBuildFile; fileRef = 479D5AD12B3BCA3B006D82EC /* Part4.swift */; };
		479D5AD42B3BCC64006D82EC /* Syouhizei.swift in Sources */ = {isa = PBXBuildFile; fileRef = 479D5AD32B3BCC64006D82EC /* Syouhizei.swift */; };
		479D5AD72B3BCF96006D82EC /* Saikoro.swift in Sources */ = {isa = PBXBuildFile; fileRef = 479D5AD62B3BCF96006D82EC /* Saikoro.swift */; };
		479D5AD92B3BD31F006D82EC /* SecondView.swift in Sources */ = {isa = PBXBuildFile; fileRef = 479D5AD82B3BD31F006D82EC /* SecondView.swift */; };
		479D5ADB2B3BD413006D82EC /* Navigations.swift in Sources */ = {isa = PBXBuildFile; fileRef = 479D5ADA2B3BD413006D82EC /* Navigations.swift */; };
		479D5ADE2B3BD474006D82EC /* Navigations2.swift in Sources */ = {isa = PBXBuildFile; fileRef = 479D5ADD2B3BD474006D82EC /* Navigations2.swift */; };
		479D5AE02B3BD608006D82EC /* Navigations3.swift in Sources */ = {isa = PBXBuildFile; fileRef = 479D5ADF2B3BD608006D82EC /* Navigations3.swift */; };
		479D5AE22B3BDDB0006D82EC /* Areat.swift in Sources */ = {isa = PBXBuildFile; fileRef = 479D5AE12B3BDDB0006D82EC /* Areat.swift */; };
/* End PBXBuildFile section */

/* Begin PBXFileReference section */
		479D5AC02B3BC1B0006D82EC /* HelloSwiftUI.app */ = {isa = PBXFileReference; explicitFileType = wrapper.application; includeInIndex = 0; path = HelloSwiftUI.app; sourceTree = BUILT_PRODUCTS_DIR; };
		479D5AC32B3BC1B0006D82EC /* HelloSwiftUIApp.swift */ = {isa = PBXFileReference; lastKnownFileType = sourcecode.swift; path = HelloSwiftUIApp.swift; sourceTree = "<group>"; };
		479D5AC52B3BC1B0006D82EC /* ContentView.swift */ = {isa = PBXFileReference; lastKnownFileType = sourcecode.swift; path = ContentView.swift; sourceTree = "<group>"; };
		479D5AC72B3BC1B1006D82EC /* Assets.xcassets */ = {isa = PBXFileReference; lastKnownFileType = folder.assetcatalog; path = Assets.xcassets; sourceTree = "<group>"; };
		479D5ACA2B3BC1B1006D82EC /* Preview Assets.xcassets */ = {isa = PBXFileReference; lastKnownFileType = folder.assetcatalog; path = "Preview Assets.xcassets"; sourceTree = "<group>"; };
		479D5AD12B3BCA3B006D82EC /* Part4.swift */ = {isa = PBXFileReference; lastKnownFileType = sourcecode.swift; path = Part4.swift; sourceTree = "<group>"; };
		479D5AD32B3BCC64006D82EC /* Syouhizei.swift */ = {isa = PBXFileReference; lastKnownFileType = sourcecode.swift; path = Syouhizei.swift; sourceTree = "<group>"; };
		479D5AD62B3BCF96006D82EC /* Saikoro.swift */ = {isa = PBXFileReference; lastKnownFileType = sourcecode.swift; path = Saikoro.swift; sourceTree = "<group>"; };
		479D5AD82B3BD31F006D82EC /* SecondView.swift */ = {isa = PBXFileReference; lastKnownFileType = sourcecode.swift; path = SecondView.swift; sourceTree = "<group>"; };
		479D5ADA2B3BD413006D82EC /* Navigations.swift */ = {isa = PBXFileReference; lastKnownFileType = sourcecode.swift; path = Navigations.swift; sourceTree = "<group>"; };
		479D5ADD2B3BD474006D82EC /* Navigations2.swift */ = {isa = PBXFileReference; lastKnownFileType = sourcecode.swift; path = Navigations2.swift; sourceTree = "<group>"; };
		479D5ADF2B3BD608006D82EC /* Navigations3.swift */ = {isa = PBXFileReference; lastKnownFileType = sourcecode.swift; path = Navigations3.swift; sourceTree = "<group>"; };
		479D5AE12B3BDDB0006D82EC /* Areat.swift */ = {isa = PBXFileReference; lastKnownFileType = sourcecode.swift; path = Areat.swift; sourceTree = "<group>"; };
/* End PBXFileReference section */

/* Begin PBXFrameworksBuildPhase section */
		479D5ABD2B3BC1B0006D82EC /* Frameworks */ = {
			isa = PBXFrameworksBuildPhase;
			buildActionMask = 2147483647;
			files = (
			);
			runOnlyForDeploymentPostprocessing = 0;
		};
/* End PBXFrameworksBuildPhase section */

/* Begin PBXGroup section */
		479D5AB72B3BC1B0006D82EC = {
			isa = PBXGroup;
			children = (
				479D5AD82B3BD31F006D82EC /* SecondView.swift */,
				479D5AC22B3BC1B0006D82EC /* HelloSwiftUI */,
				479D5AC12B3BC1B0006D82EC /* Products */,
			);
			sourceTree = "<group>";
		};
		479D5AC12B3BC1B0006D82EC /* Products */ = {
			isa = PBXGroup;
			children = (
				479D5AC02B3BC1B0006D82EC /* HelloSwiftUI.app */,
			);
			name = Products;
			sourceTree = "<group>";
		};
		479D5AC22B3BC1B0006D82EC /* HelloSwiftUI */ = {
			isa = PBXGroup;
			children = (
				479D5ADC2B3BD465006D82EC /* New Group */,
				479D5AC32B3BC1B0006D82EC /* HelloSwiftUIApp.swift */,
				479D5AC52B3BC1B0006D82EC /* ContentView.swift */,
				479D5AD12B3BCA3B006D82EC /* Part4.swift */,
				479D5AC72B3BC1B1006D82EC /* Assets.xcassets */,
				479D5AC92B3BC1B1006D82EC /* Preview Content */,
				479D5AD32B3BCC64006D82EC /* Syouhizei.swift */,
				479D5AD62B3BCF96006D82EC /* Saikoro.swift */,
				479D5ADA2B3BD413006D82EC /* Navigations.swift */,
				479D5ADD2B3BD474006D82EC /* Navigations2.swift */,
				479D5ADF2B3BD608006D82EC /* Navigations3.swift */,
				479D5AE12B3BDDB0006D82EC /* Areat.swift */,
			);
			path = HelloSwiftUI;
			sourceTree = "<group>";
		};
		479D5AC92B3BC1B1006D82EC /* Preview Content */ = {
			isa = PBXGroup;
			children = (
				479D5ACA2B3BC1B1006D82EC /* Preview Assets.xcassets */,
			);
			path = "Preview Content";
			sourceTree = "<group>";
		};
		479D5ADC2B3BD465006D82EC /* New Group */ = {
			isa = PBXGroup;
			children = (
			);
			path = "New Group";
			sourceTree = "<group>";
		};
/* End PBXGroup section */

/* Begin PBXNativeTarget section */
		479D5ABF2B3BC1B0006D82EC /* HelloSwiftUI */ = {
			isa = PBXNativeTarget;
			buildConfigurationList = 479D5ACE2B3BC1B1006D82EC /* Build configuration list for PBXNativeTarget "HelloSwiftUI" */;
			buildPhases = (
				479D5ABC2B3BC1B0006D82EC /* Sources */,
				479D5ABD2B3BC1B0006D82EC /* Frameworks */,
				479D5ABE2B3BC1B0006D82EC /* Resources */,
			);
			buildRules = (
			);
			dependencies = (
			);
			name = HelloSwiftUI;
			productName = HelloSwiftUI;
			productReference = 479D5AC02B3BC1B0006D82EC /* HelloSwiftUI.app */;
			productType = "com.apple.product-type.application";
		};
/* End PBXNativeTarget section */

/* Begin PBXProject section */
		479D5AB82B3BC1B0006D82EC /* Project object */ = {
			isa = PBXProject;
			attributes = {
				BuildIndependentTargetsInParallel = 1;
				LastSwiftUpdateCheck = 1510;
				LastUpgradeCheck = 1510;
				TargetAttributes = {
					479D5ABF2B3BC1B0006D82EC = {
						CreatedOnToolsVersion = 15.1;
					};
				};
			};
			buildConfigurationList = 479D5ABB2B3BC1B0006D82EC /* Build configuration list for PBXProject "HelloSwiftUI" */;
			compatibilityVersion = "Xcode 14.0";
			developmentRegion = en;
			hasScannedForEncodings = 0;
			knownRegions = (
				en,
				Base,
			);
			mainGroup = 479D5AB72B3BC1B0006D82EC;
			productRefGroup = 479D5AC12B3BC1B0006D82EC /* Products */;
			projectDirPath = "";
			projectRoot = "";
			targets = (
				479D5ABF2B3BC1B0006D82EC /* HelloSwiftUI */,
			);
		};
/* End PBXProject section */

/* Begin PBXResourcesBuildPhase section */
		479D5ABE2B3BC1B0006D82EC /* Resources */ = {
			isa = PBXResourcesBuildPhase;
			buildActionMask = 2147483647;
			files = (
				479D5ACB2B3BC1B1006D82EC /* Preview Assets.xcassets in Resources */,
				479D5AC82B3BC1B1006D82EC /* Assets.xcassets in Resources */,
			);
			runOnlyForDeploymentPostprocessing = 0;
		};
/* End PBXResourcesBuildPhase section */

/* Begin PBXSourcesBuildPhase section */
		479D5ABC2B3BC1B0006D82EC /* Sources */ = {
			isa = PBXSourcesBuildPhase;
			buildActionMask = 2147483647;
			files = (
				479D5AE02B3BD608006D82EC /* Navigations3.swift in Sources */,
				479D5AD92B3BD31F006D82EC /* SecondView.swift in Sources */,
				479D5AD22B3BCA3B006D82EC /* Part4.swift in Sources */,
				479D5ADE2B3BD474006D82EC /* Navigations2.swift in Sources */,
				479D5AC62B3BC1B0006D82EC /* ContentView.swift in Sources */,
				479D5AC42B3BC1B0006D82EC /* HelloSwiftUIApp.swift in Sources */,
				479D5AD72B3BCF96006D82EC /* Saikoro.swift in Sources */,
				479D5AE22B3BDDB0006D82EC /* Areat.swift in Sources */,
				479D5ADB2B3BD413006D82EC /* Navigations.swift in Sources */,
				479D5AD42B3BCC64006D82EC /* Syouhizei.swift in Sources */,
			);
			runOnlyForDeploymentPostprocessing = 0;
		};
/* End PBXSourcesBuildPhase section */

/* Begin XCBuildConfiguration section */
		479D5ACC2B3BC1B1006D82EC /* Debug */ = {
			isa = XCBuildConfiguration;
			buildSettings = {
				ALWAYS_SEARCH_USER_PATHS = NO;
				ASSETCATALOG_COMPILER_GENERATE_SWIFT_ASSET_SYMBOL_EXTENSIONS = YES;
				CLANG_ANALYZER_NONNULL = YES;
				CLANG_ANALYZER_NUMBER_OBJECT_CONVERSION = YES_AGGRESSIVE;
				CLANG_CXX_LANGUAGE_STANDARD = "gnu++20";
				CLANG_ENABLE_MODULES = YES;
				CLANG_ENABLE_OBJC_ARC = YES;
				CLANG_ENABLE_OBJC_WEAK = YES;
				CLANG_WARN_BLOCK_CAPTURE_AUTORELEASING = YES;
				CLANG_WARN_BOOL_CONVERSION = YES;
				CLANG_WARN_COMMA = YES;
				CLANG_WARN_CONSTANT_CONVERSION = YES;
				CLANG_WARN_DEPRECATED_OBJC_IMPLEMENTATIONS = YES;
				CLANG_WARN_DIRECT_OBJC_ISA_USAGE = YES_ERROR;
				CLANG_WARN_DOCUMENTATION_COMMENTS = YES;
				CLANG_WARN_EMPTY_BODY = YES;
				CLANG_WARN_ENUM_CONVERSION = YES;
				CLANG_WARN_INFINITE_RECURSION = YES;
				CLANG_WARN_INT_CONVERSION = YES;
				CLANG_WARN_NON_LITERAL_NULL_CONVERSION = YES;
				CLANG_WARN_OBJC_IMPLICIT_RETAIN_SELF = YES;
				CLANG_WARN_OBJC_LITERAL_CONVERSION = YES;
				CLANG_WARN_OBJC_ROOT_CLASS = YES_ERROR;
				CLANG_WARN_QUOTED_INCLUDE_IN_FRAMEWORK_HEADER = YES;
				CLANG_WARN_RANGE_LOOP_ANALYSIS = YES;
				CLANG_WARN_STRICT_PROTOTYPES = YES;
				CLANG_WARN_SUSPICIOUS_MOVE = YES;
				CLANG_WARN_UNGUARDED_AVAILABILITY = YES_AGGRESSIVE;
				CLANG_WARN_UNREACHABLE_CODE = YES;
				CLANG_WARN__DUPLICATE_METHOD_MATCH = YES;
				COPY_PHASE_STRIP = NO;
				DEBUG_INFORMATION_FORMAT = dwarf;
				ENABLE_STRICT_OBJC_MSGSEND = YES;
				ENABLE_TESTABILITY = YES;
				ENABLE_USER_SCRIPT_SANDBOXING = YES;
				GCC_C_LANGUAGE_STANDARD = gnu17;
				GCC_DYNAMIC_NO_PIC = NO;
				GCC_NO_COMMON_BLOCKS = YES;
				GCC_OPTIMIZATION_LEVEL = 0;
				GCC_PREPROCESSOR_DEFINITIONS = (
					"DEBUG=1",
					"$(inherited)",
				);
				GCC_WARN_64_TO_32_BIT_CONVERSION = YES;
				GCC_WARN_ABOUT_RETURN_TYPE = YES_ERROR;
				GCC_WARN_UNDECLARED_SELECTOR = YES;
				GCC_WARN_UNINITIALIZED_AUTOS = YES_AGGRESSIVE;
				GCC_WARN_UNUSED_FUNCTION = YES;
				GCC_WARN_UNUSED_VARIABLE = YES;
				IPHONEOS_DEPLOYMENT_TARGET = 17.2;
				LOCALIZATION_PREFERS_STRING_CATALOGS = YES;
				MTL_ENABLE_DEBUG_INFO = INCLUDE_SOURCE;
				MTL_FAST_MATH = YES;
				ONLY_ACTIVE_ARCH = YES;
				SDKROOT = iphoneos;
				SWIFT_ACTIVE_COMPILATION_CONDITIONS = "DEBUG $(inherited)";
				SWIFT_OPTIMIZATION_LEVEL = "-Onone";
			};
			name = Debug;
		};
		479D5ACD2B3BC1B1006D82EC /* Release */ = {
			isa = XCBuildConfiguration;
			buildSettings = {
				ALWAYS_SEARCH_USER_PATHS = NO;
				ASSETCATALOG_COMPILER_GENERATE_SWIFT_ASSET_SYMBOL_EXTENSIONS = YES;
				CLANG_ANALYZER_NONNULL = YES;
				CLANG_ANALYZER_NUMBER_OBJECT_CONVERSION = YES_AGGRESSIVE;
				CLANG_CXX_LANGUAGE_STANDARD = "gnu++20";
				CLANG_ENABLE_MODULES = YES;
				CLANG_ENABLE_OBJC_ARC = YES;
				CLANG_ENABLE_OBJC_WEAK = YES;
				CLANG_WARN_BLOCK_CAPTURE_AUTORELEASING = YES;
				CLANG_WARN_BOOL_CONVERSION = YES;
				CLANG_WARN_COMMA = YES;
				CLANG_WARN_CONSTANT_CONVERSION = YES;
				CLANG_WARN_DEPRECATED_OBJC_IMPLEMENTATIONS = YES;
				CLANG_WARN_DIRECT_OBJC_ISA_USAGE = YES_ERROR;
				CLANG_WARN_DOCUMENTATION_COMMENTS = YES;
				CLANG_WARN_EMPTY_BODY = YES;
				CLANG_WARN_ENUM_CONVERSION = YES;
				CLANG_WARN_INFINITE_RECURSION = YES;
				CLANG_WARN_INT_CONVERSION = YES;
				CLANG_WARN_NON_LITERAL_NULL_CONVERSION = YES;
				CLANG_WARN_OBJC_IMPLICIT_RETAIN_SELF = YES;
				CLANG_WARN_OBJC_LITERAL_CONVERSION = YES;
				CLANG_WARN_OBJC_ROOT_CLASS = YES_ERROR;
				CLANG_WARN_QUOTED_INCLUDE_IN_FRAMEWORK_HEADER = YES;
				CLANG_WARN_RANGE_LOOP_ANALYSIS = YES;
				CLANG_WARN_STRICT_PROTOTYPES = YES;
				CLANG_WARN_SUSPICIOUS_MOVE = YES;
				CLANG_WARN_UNGUARDED_AVAILABILITY = YES_AGGRESSIVE;
				CLANG_WARN_UNREACHABLE_CODE = YES;
				CLANG_WARN__DUPLICATE_METHOD_MATCH = YES;
				COPY_PHASE_STRIP = NO;
				DEBUG_INFORMATION_FORMAT = "dwarf-with-dsym";
				ENABLE_NS_ASSERTIONS = NO;
				ENABLE_STRICT_OBJC_MSGSEND = YES;
				ENABLE_USER_SCRIPT_SANDBOXING = YES;
				GCC_C_LANGUAGE_STANDARD = gnu17;
				GCC_NO_COMMON_BLOCKS = YES;
				GCC_WARN_64_TO_32_BIT_CONVERSION = YES;
				GCC_WARN_ABOUT_RETURN_TYPE = YES_ERROR;
				GCC_WARN_UNDECLARED_SELECTOR = YES;
				GCC_WARN_UNINITIALIZED_AUTOS = YES_AGGRESSIVE;
				GCC_WARN_UNUSED_FUNCTION = YES;
				GCC_WARN_UNUSED_VARIABLE = YES;
				IPHONEOS_DEPLOYMENT_TARGET = 17.2;
				LOCALIZATION_PREFERS_STRING_CATALOGS = YES;
				MTL_ENABLE_DEBUG_INFO = NO;
				MTL_FAST_MATH = YES;
				SDKROOT = iphoneos;
				SWIFT_COMPILATION_MODE = wholemodule;
				VALIDATE_PRODUCT = YES;
			};
			name = Release;
		};
		479D5ACF2B3BC1B1006D82EC /* Debug */ = {
			isa = XCBuildConfiguration;
			buildSettings = {
				ASSETCATALOG_COMPILER_APPICON_NAME = AppIcon;
				ASSETCATALOG_COMPILER_GLOBAL_ACCENT_COLOR_NAME = AccentColor;
				CODE_SIGN_STYLE = Automatic;
				CURRENT_PROJECT_VERSION = 1;
				DEVELOPMENT_ASSET_PATHS = "\"HelloSwiftUI/Preview Content\"";
				DEVELOPMENT_TEAM = HB2C2JWPK5;
				ENABLE_PREVIEWS = YES;
				GENERATE_INFOPLIST_FILE = YES;
				INFOPLIST_KEY_UIApplicationSceneManifest_Generation = YES;
				INFOPLIST_KEY_UIApplicationSupportsIndirectInputEvents = YES;
				INFOPLIST_KEY_UILaunchScreen_Generation = YES;
				INFOPLIST_KEY_UISupportedInterfaceOrientations_iPad = "UIInterfaceOrientationPortrait UIInterfaceOrientationPortraitUpsideDown UIInterfaceOrientationLandscapeLeft UIInterfaceOrientationLandscapeRight";
				INFOPLIST_KEY_UISupportedInterfaceOrientations_iPhone = "UIInterfaceOrientationPortrait UIInterfaceOrientationLandscapeLeft UIInterfaceOrientationLandscapeRight";
				LD_RUNPATH_SEARCH_PATHS = (
					"$(inherited)",
					"@executable_path/Frameworks",
				);
				MARKETING_VERSION = 1.0;
				PRODUCT_BUNDLE_IDENTIFIER = Iccyan21.HelloSwiftUI;
				PRODUCT_NAME = "$(TARGET_NAME)";
				SWIFT_EMIT_LOC_STRINGS = YES;
				SWIFT_VERSION = 5.0;
				TARGETED_DEVICE_FAMILY = "1,2";
			};
			name = Debug;
		};
		479D5AD02B3BC1B1006D82EC /* Release */ = {
			isa = XCBuildConfiguration;
			buildSettings = {
				ASSETCATALOG_COMPILER_APPICON_NAME = AppIcon;
				ASSETCATALOG_COMPILER_GLOBAL_ACCENT_COLOR_NAME = AccentColor;
				CODE_SIGN_STYLE = Automatic;
				CURRENT_PROJECT_VERSION = 1;
				DEVELOPMENT_ASSET_PATHS = "\"HelloSwiftUI/Preview Content\"";
				DEVELOPMENT_TEAM = HB2C2JWPK5;
				ENABLE_PREVIEWS = YES;
				GENERATE_INFOPLIST_FILE = YES;
				INFOPLIST_KEY_UIApplicationSceneManifest_Generation = YES;
				INFOPLIST_KEY_UIApplicationSupportsIndirectInputEvents = YES;
				INFOPLIST_KEY_UILaunchScreen_Generation = YES;
				INFOPLIST_KEY_UISupportedInterfaceOrientations_iPad = "UIInterfaceOrientationPortrait UIInterfaceOrientationPortraitUpsideDown UIInterfaceOrientationLandscapeLeft UIInterfaceOrientationLandscapeRight";
				INFOPLIST_KEY_UISupportedInterfaceOrientations_iPhone = "UIInterfaceOrientationPortrait UIInterfaceOrientationLandscapeLeft UIInterfaceOrientationLandscapeRight";
				LD_RUNPATH_SEARCH_PATHS = (
					"$(inherited)",
					"@executable_path/Frameworks",
				);
				MARKETING_VERSION = 1.0;
				PRODUCT_BUNDLE_IDENTIFIER = Iccyan21.HelloSwiftUI;
				PRODUCT_NAME = "$(TARGET_NAME)";
				SWIFT_EMIT_LOC_STRINGS = YES;
				SWIFT_VERSION = 5.0;
				TARGETED_DEVICE_FAMILY = "1,2";
			};
			name = Release;
		};
/* End XCBuildConfiguration section */

/* Begin XCConfigurationList section */
		479D5ABB2B3BC1B0006D82EC /* Build configuration list for PBXProject "HelloSwiftUI" */ = {
			isa = XCConfigurationList;
			buildConfigurations = (
				479D5ACC2B3BC1B1006D82EC /* Debug */,
				479D5ACD2B3BC1B1006D82EC /* Release */,
			);
			defaultConfigurationIsVisible = 0;
			defaultConfigurationName = Release;
		};
		479D5ACE2B3BC1B1006D82EC /* Build configuration list for PBXNativeTarget "HelloSwiftUI" */ = {
			isa = XCConfigurationList;
			buildConfigurations = (
				479D5ACF2B3BC1B1006D82EC /* Debug */,
				479D5AD02B3BC1B1006D82EC /* Release */,
			);
			defaultConfigurationIsVisible = 0;
			defaultConfigurationName = Release;
		};
/* End XCConfigurationList section */
	};
	rootObject = 479D5AB82B3BC1B0006D82EC /* Project object */;
}
